
Microsoft Visual Studio Solution File, Format Version 12.00
# Visual Studio Version 17
VisualStudioVersion = 17.10.35122.118
MinimumVisualStudioVersion = 10.0.40219.1
Project("{8BC9CEB8-8B4A-11D0-8D11-00A0C91BC942}") = "OppenGL", "OppenGL\OppenGL.vcxproj", "{91DC7F24-7E12-4053-BB02-0933FB5B02DB}"
EndProject
Global
	GlobalSection(SolutionConfigurationPlatforms) = preSolution
		Debug|x64 = Debug|x64
		Debug|x86 = Debug|x86
		Release|x64 = Release|x64
		Release|x86 = Release|x86
	EndGlobalSection
	GlobalSection(ProjectConfigurationPlatforms) = postSolution
		{91DC7F24-7E12-4053-BB02-0933FB5B02DB}.Debug|x64.ActiveCfg = Debug|x64
		{91DC7F24-7E12-4053-BB02-0933FB5B02DB}.Debug|x64.Build.0 = Debug|x64
		{91DC7F24-7E12-4053-BB02-0933FB5B02DB}.Debug|x86.ActiveCfg = Debug|Win32
		{91DC7F24-7E12-4053-BB02-0933FB5B02DB}.Debug|x86.Build.0 = Debug|Win32
		{91DC7F24-7E12-4053-BB02-0933FB5B02DB}.Release|x64.ActiveCfg = Release|x64
		{91DC7F24-7E12-4053-BB02-0933FB5B02DB}.Release|x64.Build.0 = Release|x64
		{91DC7F24-7E12-4053-BB02-0933FB5B02DB}.Release|x86.ActiveCfg = Release|Win32
		{91DC7F24-7E12-4053-BB02-0933FB5B02DB}.Release|x86.Build.0 = Release|Win32
	EndGlobalSection
	GlobalSection(SolutionProperties) = preSolution
		HideSolutionNode = FALSE
	EndGlobalSection
	GlobalSection(ExtensibilityGlobals) = postSolution
		SolutionGuid = {76E9E1D9-69F9-4659-9C7E-AB4F8A2A5EC3}
	EndGlobalSection
EndGlobal
